
Microsoft Visual Studio Solution File, Format Version 12.00
# Visual Studio Version 17
VisualStudioVersion = 17.1.32414.318
MinimumVisualStudioVersion = 10.0.40219.1
Project("{FAE04EC0-301F-11D3-BF4B-00C04F79EFBC}") = "DotNetWebApp", "DotNetWebApp.csproj", "{C1A0623E-4EEC-4D2C-98D5-92CA0581759B}"
EndProject
Global
	GlobalSection(SolutionConfigurationPlatforms) = preSolution
		Debug|Any CPU = Debug|Any CPU
		Release|Any CPU = Release|Any CPU
	EndGlobalSection
	GlobalSection(ProjectConfigurationPlatforms) = postSolution
		{C1A0623E-4EEC-4D2C-98D5-92CA0581759B}.Debug|Any CPU.ActiveCfg = Debug|Any CPU
		{C1A0623E-4EEC-4D2C-98D5-92CA0581759B}.Debug|Any CPU.Build.0 = Debug|Any CPU
		{C1A0623E-4EEC-4D2C-98D5-92CA0581759B}.Release|Any CPU.ActiveCfg = Release|Any CPU
		{C1A0623E-4EEC-4D2C-98D5-92CA0581759B}.Release|Any CPU.Build.0 = Release|Any CPU
	EndGlobalSection
	GlobalSection(SolutionProperties) = preSolution
		HideSolutionNode = FALSE
	EndGlobalSection
	GlobalSection(ExtensibilityGlobals) = postSolution
		SolutionGuid = {AECF74D5-BBB3-467A-ACF8-BED4C8ACB94D}
	EndGlobalSection
EndGlobal
